// !$*UTF8*$!
{
	archiveVersion = 1;
	classes = {
	};
	objectVersion = 46;
	objects = {

/* Begin PBXBuildFile section */
		35221C721C52181500087FE8 /* MainViewController.xib in Resources */ = {isa = PBXBuildFile; fileRef = 35221C6F1C52181500087FE8 /* MainViewController.xib */; };
		35221C731C52181500087FE8 /* MainViewController.m in Sources */ = {isa = PBXBuildFile; fileRef = 35221C701C52181500087FE8 /* MainViewController.m */; };
		353176D11C9FCAD500B9FB6C /* NSJSONSerialization+RemoveNull.m in Sources */ = {isa = PBXBuildFile; fileRef = 353176D01C9FCAD500B9FB6C /* NSJSONSerialization+RemoveNull.m */; };
		357E42F1195D060000E0772E /* LXDataManagerLocalizable.strings in Resources */ = {isa = PBXBuildFile; fileRef = 357E42F3195D060000E0772E /* LXDataManagerLocalizable.strings */; };
		35963A2F18ACB35600A58B82 /* Foundation.framework in Frameworks */ = {isa = PBXBuildFile; fileRef = 35963A2E18ACB35600A58B82 /* Foundation.framework */; };
		35963A3118ACB35600A58B82 /* CoreGraphics.framework in Frameworks */ = {isa = PBXBuildFile; fileRef = 35963A3018ACB35600A58B82 /* CoreGraphics.framework */; };
		35963A3318ACB35600A58B82 /* UIKit.framework in Frameworks */ = {isa = PBXBuildFile; fileRef = 35963A3218ACB35600A58B82 /* UIKit.framework */; };
		35963A3918ACB35600A58B82 /* InfoPlist.strings in Resources */ = {isa = PBXBuildFile; fileRef = 35963A3718ACB35600A58B82 /* InfoPlist.strings */; };
		35963A3B18ACB35600A58B82 /* main.m in Sources */ = {isa = PBXBuildFile; fileRef = 35963A3A18ACB35600A58B82 /* main.m */; };
		35963A3F18ACB35600A58B82 /* AppDelegate.m in Sources */ = {isa = PBXBuildFile; fileRef = 35963A3E18ACB35600A58B82 /* AppDelegate.m */; };
		35963A4118ACB35600A58B82 /* Images.xcassets in Resources */ = {isa = PBXBuildFile; fileRef = 35963A4018ACB35600A58B82 /* Images.xcassets */; };
		35963A4818ACB35600A58B82 /* XCTest.framework in Frameworks */ = {isa = PBXBuildFile; fileRef = 35963A4718ACB35600A58B82 /* XCTest.framework */; };
		35963A4918ACB35600A58B82 /* Foundation.framework in Frameworks */ = {isa = PBXBuildFile; fileRef = 35963A2E18ACB35600A58B82 /* Foundation.framework */; };
		35963A4A18ACB35600A58B82 /* UIKit.framework in Frameworks */ = {isa = PBXBuildFile; fileRef = 35963A3218ACB35600A58B82 /* UIKit.framework */; };
		35963A5218ACB35600A58B82 /* InfoPlist.strings in Resources */ = {isa = PBXBuildFile; fileRef = 35963A5018ACB35600A58B82 /* InfoPlist.strings */; };
		35963A5418ACB35600A58B82 /* LXDataManagerTests.m in Sources */ = {isa = PBXBuildFile; fileRef = 35963A5318ACB35600A58B82 /* LXDataManagerTests.m */; };
		35C1F6E318ADD221005CC16C /* LXDataManager.m in Sources */ = {isa = PBXBuildFile; fileRef = 35C1F6E218ADD221005CC16C /* LXDataManager.m */; };
		B79CD817120F54F468F14E65 /* libPods-LXDataManager.a in Frameworks */ = {isa = PBXBuildFile; fileRef = 6B0086F7A64383761C0F9002 /* libPods-LXDataManager.a */; };
/* End PBXBuildFile section */

/* Begin PBXContainerItemProxy section */
		35963A4B18ACB35600A58B82 /* PBXContainerItemProxy */ = {
			isa = PBXContainerItemProxy;
			containerPortal = 35963A2318ACB35600A58B82 /* Project object */;
			proxyType = 1;
			remoteGlobalIDString = 35963A2A18ACB35600A58B82;
			remoteInfo = LXDataManager;
		};
/* End PBXContainerItemProxy section */

/* Begin PBXFileReference section */
		35221C6F1C52181500087FE8 /* MainViewController.xib */ = {isa = PBXFileReference; fileEncoding = 4; lastKnownFileType = file.xib; path = MainViewController.xib; sourceTree = "<group>"; };
		35221C701C52181500087FE8 /* MainViewController.m */ = {isa = PBXFileReference; fileEncoding = 4; lastKnownFileType = sourcecode.c.objc; path = MainViewController.m; sourceTree = "<group>"; };
		35221C711C52181500087FE8 /* MainViewController.h */ = {isa = PBXFileReference; fileEncoding = 4; lastKnownFileType = sourcecode.c.h; path = MainViewController.h; sourceTree = "<group>"; };
		353176CF1C9FCAD500B9FB6C /* NSJSONSerialization+RemoveNull.h */ = {isa = PBXFileReference; fileEncoding = 4; lastKnownFileType = sourcecode.c.h; path = "NSJSONSerialization+RemoveNull.h"; sourceTree = "<group>"; };
		353176D01C9FCAD500B9FB6C /* NSJSONSerialization+RemoveNull.m */ = {isa = PBXFileReference; fileEncoding = 4; lastKnownFileType = sourcecode.c.objc; path = "NSJSONSerialization+RemoveNull.m"; sourceTree = "<group>"; };
		357E42EF195D04D700E0772E /* zh-Hans */ = {isa = PBXFileReference; lastKnownFileType = text.plist.strings; name = "zh-Hans"; path = "zh-Hans.lproj/InfoPlist.strings"; sourceTree = "<group>"; };
		357E42F0195D04D700E0772E /* zh-Hans */ = {isa = PBXFileReference; lastKnownFileType = text.plist.strings; name = "zh-Hans"; path = "zh-Hans.lproj/InfoPlist.strings"; sourceTree = "<group>"; };
		357E42F2195D060000E0772E /* zh-Hans */ = {isa = PBXFileReference; lastKnownFileType = text.plist.strings; name = "zh-Hans"; path = "zh-Hans.lproj/LXDataManagerLocalizable.strings"; sourceTree = "<group>"; };
		357E42F4195D060400E0772E /* en */ = {isa = PBXFileReference; lastKnownFileType = text.plist.strings; name = en; path = en.lproj/LXDataManagerLocalizable.strings; sourceTree = "<group>"; };
		35963A2B18ACB35600A58B82 /* LXDataManager.app */ = {isa = PBXFileReference; explicitFileType = wrapper.application; includeInIndex = 0; path = LXDataManager.app; sourceTree = BUILT_PRODUCTS_DIR; };
		35963A2E18ACB35600A58B82 /* Foundation.framework */ = {isa = PBXFileReference; lastKnownFileType = wrapper.framework; name = Foundation.framework; path = System/Library/Frameworks/Foundation.framework; sourceTree = SDKROOT; };
		35963A3018ACB35600A58B82 /* CoreGraphics.framework */ = {isa = PBXFileReference; lastKnownFileType = wrapper.framework; name = CoreGraphics.framework; path = System/Library/Frameworks/CoreGraphics.framework; sourceTree = SDKROOT; };
		35963A3218ACB35600A58B82 /* UIKit.framework */ = {isa = PBXFileReference; lastKnownFileType = wrapper.framework; name = UIKit.framework; path = System/Library/Frameworks/UIKit.framework; sourceTree = SDKROOT; };
		35963A3618ACB35600A58B82 /* LXDataManager-Info.plist */ = {isa = PBXFileReference; lastKnownFileType = text.plist.xml; path = "LXDataManager-Info.plist"; sourceTree = "<group>"; };
		35963A3818ACB35600A58B82 /* en */ = {isa = PBXFileReference; lastKnownFileType = text.plist.strings; name = en; path = en.lproj/InfoPlist.strings; sourceTree = "<group>"; };
		35963A3A18ACB35600A58B82 /* main.m */ = {isa = PBXFileReference; lastKnownFileType = sourcecode.c.objc; path = main.m; sourceTree = "<group>"; };
		35963A3C18ACB35600A58B82 /* LXDataManager-Prefix.pch */ = {isa = PBXFileReference; lastKnownFileType = sourcecode.c.h; path = "LXDataManager-Prefix.pch"; sourceTree = "<group>"; };
		35963A3D18ACB35600A58B82 /* AppDelegate.h */ = {isa = PBXFileReference; lastKnownFileType = sourcecode.c.h; path = AppDelegate.h; sourceTree = "<group>"; };
		35963A3E18ACB35600A58B82 /* AppDelegate.m */ = {isa = PBXFileReference; lastKnownFileType = sourcecode.c.objc; path = AppDelegate.m; sourceTree = "<group>"; };
		35963A4018ACB35600A58B82 /* Images.xcassets */ = {isa = PBXFileReference; lastKnownFileType = folder.assetcatalog; path = Images.xcassets; sourceTree = "<group>"; };
		35963A4618ACB35600A58B82 /* LXDataManagerTests.xctest */ = {isa = PBXFileReference; explicitFileType = wrapper.cfbundle; includeInIndex = 0; path = LXDataManagerTests.xctest; sourceTree = BUILT_PRODUCTS_DIR; };
		35963A4718ACB35600A58B82 /* XCTest.framework */ = {isa = PBXFileReference; lastKnownFileType = wrapper.framework; name = XCTest.framework; path = Library/Frameworks/XCTest.framework; sourceTree = DEVELOPER_DIR; };
		35963A4F18ACB35600A58B82 /* LXDataManagerTests-Info.plist */ = {isa = PBXFileReference; lastKnownFileType = text.plist.xml; path = "LXDataManagerTests-Info.plist"; sourceTree = "<group>"; };
		35963A5118ACB35600A58B82 /* en */ = {isa = PBXFileReference; lastKnownFileType = text.plist.strings; name = en; path = en.lproj/InfoPlist.strings; sourceTree = "<group>"; };
		35963A5318ACB35600A58B82 /* LXDataManagerTests.m */ = {isa = PBXFileReference; lastKnownFileType = sourcecode.c.objc; path = LXDataManagerTests.m; sourceTree = "<group>"; };
		35C1F6E118ADD221005CC16C /* LXDataManager.h */ = {isa = PBXFileReference; fileEncoding = 4; lastKnownFileType = sourcecode.c.h; path = LXDataManager.h; sourceTree = "<group>"; };
		35C1F6E218ADD221005CC16C /* LXDataManager.m */ = {isa = PBXFileReference; fileEncoding = 4; lastKnownFileType = sourcecode.c.objc; path = LXDataManager.m; sourceTree = "<group>"; };
		6B0086F7A64383761C0F9002 /* libPods-LXDataManager.a */ = {isa = PBXFileReference; explicitFileType = archive.ar; includeInIndex = 0; path = "libPods-LXDataManager.a"; sourceTree = BUILT_PRODUCTS_DIR; };
		81FA3C1C52F2EBB42C31696F /* Pods-LXDataManager.debug.xcconfig */ = {isa = PBXFileReference; includeInIndex = 1; lastKnownFileType = text.xcconfig; name = "Pods-LXDataManager.debug.xcconfig"; path = "Pods/Target Support Files/Pods-LXDataManager/Pods-LXDataManager.debug.xcconfig"; sourceTree = "<group>"; };
		86F390D8E7764A897A99326E /* Pods-LXDataManager.release.xcconfig */ = {isa = PBXFileReference; includeInIndex = 1; lastKnownFileType = text.xcconfig; name = "Pods-LXDataManager.release.xcconfig"; path = "Pods/Target Support Files/Pods-LXDataManager/Pods-LXDataManager.release.xcconfig"; sourceTree = "<group>"; };
/* End PBXFileReference section */

/* Begin PBXFrameworksBuildPhase section */
		35963A2818ACB35600A58B82 /* Frameworks */ = {
			isa = PBXFrameworksBuildPhase;
			buildActionMask = 2147483647;
			files = (
				35963A3118ACB35600A58B82 /* CoreGraphics.framework in Frameworks */,
				35963A3318ACB35600A58B82 /* UIKit.framework in Frameworks */,
				35963A2F18ACB35600A58B82 /* Foundation.framework in Frameworks */,
				B79CD817120F54F468F14E65 /* libPods-LXDataManager.a in Frameworks */,
			);
			runOnlyForDeploymentPostprocessing = 0;
		};
		35963A4318ACB35600A58B82 /* Frameworks */ = {
			isa = PBXFrameworksBuildPhase;
			buildActionMask = 2147483647;
			files = (
				35963A4818ACB35600A58B82 /* XCTest.framework in Frameworks */,
				35963A4A18ACB35600A58B82 /* UIKit.framework in Frameworks */,
				35963A4918ACB35600A58B82 /* Foundation.framework in Frameworks */,
			);
			runOnlyForDeploymentPostprocessing = 0;
		};
/* End PBXFrameworksBuildPhase section */

/* Begin PBXGroup section */
		3553FCEF195C2F04001887A2 /* Demo */ = {
			isa = PBXGroup;
			children = (
				35221C6F1C52181500087FE8 /* MainViewController.xib */,
				35221C711C52181500087FE8 /* MainViewController.h */,
				35221C701C52181500087FE8 /* MainViewController.m */,
			);
			name = Demo;
			sourceTree = "<group>";
		};
		357E42EC195D04A800E0772E /* Resource */ = {
			isa = PBXGroup;
			children = (
				357E42F3195D060000E0772E /* LXDataManagerLocalizable.strings */,
			);
			path = Resource;
			sourceTree = "<group>";
		};
		35963A2218ACB35600A58B82 = {
			isa = PBXGroup;
			children = (
				35963A3418ACB35600A58B82 /* LXDataManager */,
				35963A4D18ACB35600A58B82 /* LXDataManagerTests */,
				35963A2D18ACB35600A58B82 /* Frameworks */,
				35963A2C18ACB35600A58B82 /* Products */,
				422CC09496E80A63D577295C /* Pods */,
			);
			sourceTree = "<group>";
		};
		35963A2C18ACB35600A58B82 /* Products */ = {
			isa = PBXGroup;
			children = (
				35963A2B18ACB35600A58B82 /* LXDataManager.app */,
				35963A4618ACB35600A58B82 /* LXDataManagerTests.xctest */,
			);
			name = Products;
			sourceTree = "<group>";
		};
		35963A2D18ACB35600A58B82 /* Frameworks */ = {
			isa = PBXGroup;
			children = (
				35963A2E18ACB35600A58B82 /* Foundation.framework */,
				35963A3018ACB35600A58B82 /* CoreGraphics.framework */,
				35963A3218ACB35600A58B82 /* UIKit.framework */,
				35963A4718ACB35600A58B82 /* XCTest.framework */,
				6B0086F7A64383761C0F9002 /* libPods-LXDataManager.a */,
			);
			name = Frameworks;
			sourceTree = "<group>";
		};
		35963A3418ACB35600A58B82 /* LXDataManager */ = {
			isa = PBXGroup;
			children = (
				357E42EC195D04A800E0772E /* Resource */,
				3553FCEF195C2F04001887A2 /* Demo */,
				35C1F6E018ADD221005CC16C /* Classes */,
				35963A3D18ACB35600A58B82 /* AppDelegate.h */,
				35963A3E18ACB35600A58B82 /* AppDelegate.m */,
				35963A4018ACB35600A58B82 /* Images.xcassets */,
				35963A3518ACB35600A58B82 /* Supporting Files */,
			);
			path = LXDataManager;
			sourceTree = "<group>";
		};
		35963A3518ACB35600A58B82 /* Supporting Files */ = {
			isa = PBXGroup;
			children = (
				35963A3618ACB35600A58B82 /* LXDataManager-Info.plist */,
				35963A3718ACB35600A58B82 /* InfoPlist.strings */,
				35963A3A18ACB35600A58B82 /* main.m */,
				35963A3C18ACB35600A58B82 /* LXDataManager-Prefix.pch */,
			);
			name = "Supporting Files";
			sourceTree = "<group>";
		};
		35963A4D18ACB35600A58B82 /* LXDataManagerTests */ = {
			isa = PBXGroup;
			children = (
				35963A5318ACB35600A58B82 /* LXDataManagerTests.m */,
				35963A4E18ACB35600A58B82 /* Supporting Files */,
			);
			path = LXDataManagerTests;
			sourceTree = "<group>";
		};
		35963A4E18ACB35600A58B82 /* Supporting Files */ = {
			isa = PBXGroup;
			children = (
				35963A4F18ACB35600A58B82 /* LXDataManagerTests-Info.plist */,
				35963A5018ACB35600A58B82 /* InfoPlist.strings */,
			);
			name = "Supporting Files";
			sourceTree = "<group>";
		};
		35C1F6E018ADD221005CC16C /* Classes */ = {
			isa = PBXGroup;
			children = (
				35C1F6E118ADD221005CC16C /* LXDataManager.h */,
				35C1F6E218ADD221005CC16C /* LXDataManager.m */,
				353176CF1C9FCAD500B9FB6C /* NSJSONSerialization+RemoveNull.h */,
				353176D01C9FCAD500B9FB6C /* NSJSONSerialization+RemoveNull.m */,
			);
			path = Classes;
			sourceTree = "<group>";
		};
		422CC09496E80A63D577295C /* Pods */ = {
			isa = PBXGroup;
			children = (
				81FA3C1C52F2EBB42C31696F /* Pods-LXDataManager.debug.xcconfig */,
				86F390D8E7764A897A99326E /* Pods-LXDataManager.release.xcconfig */,
			);
			name = Pods;
			sourceTree = "<group>";
		};
/* End PBXGroup section */

/* Begin PBXNativeTarget section */
		35963A2A18ACB35600A58B82 /* LXDataManager */ = {
			isa = PBXNativeTarget;
			buildConfigurationList = 35963A5718ACB35600A58B82 /* Build configuration list for PBXNativeTarget "LXDataManager" */;
			buildPhases = (
				DBA22A5DE0BA21691F8CC4CC /* [CP] Check Pods Manifest.lock */,
				35963A2718ACB35600A58B82 /* Sources */,
				35963A2818ACB35600A58B82 /* Frameworks */,
				35963A2918ACB35600A58B82 /* Resources */,
				74C9A170B77AA0AD386B70AE /* [CP] Embed Pods Frameworks */,
				8D1853CE2E8A754276E5084F /* [CP] Copy Pods Resources */,
			);
			buildRules = (
			);
			dependencies = (
			);
			name = LXDataManager;
			productName = LXDataManager;
			productReference = 35963A2B18ACB35600A58B82 /* LXDataManager.app */;
			productType = "com.apple.product-type.application";
		};
		35963A4518ACB35600A58B82 /* LXDataManagerTests */ = {
			isa = PBXNativeTarget;
			buildConfigurationList = 35963A5A18ACB35600A58B82 /* Build configuration list for PBXNativeTarget "LXDataManagerTests" */;
			buildPhases = (
				35963A4218ACB35600A58B82 /* Sources */,
				35963A4318ACB35600A58B82 /* Frameworks */,
				35963A4418ACB35600A58B82 /* Resources */,
			);
			buildRules = (
			);
			dependencies = (
				35963A4C18ACB35600A58B82 /* PBXTargetDependency */,
			);
			name = LXDataManagerTests;
			productName = LXDataManagerTests;
			productReference = 35963A4618ACB35600A58B82 /* LXDataManagerTests.xctest */;
			productType = "com.apple.product-type.bundle.unit-test";
		};
/* End PBXNativeTarget section */

/* Begin PBXProject section */
		35963A2318ACB35600A58B82 /* Project object */ = {
			isa = PBXProject;
			attributes = {
				LastUpgradeCheck = 0510;
				ORGANIZATIONNAME = Leon;
				TargetAttributes = {
					35963A4518ACB35600A58B82 = {
						TestTargetID = 35963A2A18ACB35600A58B82;
					};
				};
			};
			buildConfigurationList = 35963A2618ACB35600A58B82 /* Build configuration list for PBXProject "LXDataManager" */;
			compatibilityVersion = "Xcode 3.2";
			developmentRegion = English;
			hasScannedForEncodings = 0;
			knownRegions = (
				en,
				"zh-Hans",
			);
			mainGroup = 35963A2218ACB35600A58B82;
			productRefGroup = 35963A2C18ACB35600A58B82 /* Products */;
			projectDirPath = "";
			projectRoot = "";
			targets = (
				35963A2A18ACB35600A58B82 /* LXDataManager */,
				35963A4518ACB35600A58B82 /* LXDataManagerTests */,
			);
		};
/* End PBXProject section */

/* Begin PBXResourcesBuildPhase section */
		35963A2918ACB35600A58B82 /* Resources */ = {
			isa = PBXResourcesBuildPhase;
			buildActionMask = 2147483647;
			files = (
				35963A3918ACB35600A58B82 /* InfoPlist.strings in Resources */,
				357E42F1195D060000E0772E /* LXDataManagerLocalizable.strings in Resources */,
				35963A4118ACB35600A58B82 /* Images.xcassets in Resources */,
				35221C721C52181500087FE8 /* MainViewController.xib in Resources */,
			);
			runOnlyForDeploymentPostprocessing = 0;
		};
		35963A4418ACB35600A58B82 /* Resources */ = {
			isa = PBXResourcesBuildPhase;
			buildActionMask = 2147483647;
			files = (
				35963A5218ACB35600A58B82 /* InfoPlist.strings in Resources */,
			);
			runOnlyForDeploymentPostprocessing = 0;
		};
/* End PBXResourcesBuildPhase section */

/* Begin PBXShellScriptBuildPhase section */
		74C9A170B77AA0AD386B70AE /* [CP] Embed Pods Frameworks */ = {
			isa = PBXShellScriptBuildPhase;
			buildActionMask = 2147483647;
			files = (
			);
			inputPaths = (
			);
			name = "[CP] Embed Pods Frameworks";
			outputPaths = (
			);
			runOnlyForDeploymentPostprocessing = 0;
			shellPath = /bin/sh;
			shellScript = "\"${SRCROOT}/Pods/Target Support Files/Pods-LXDataManager/Pods-LXDataManager-frameworks.sh\"\n";
			showEnvVarsInLog = 0;
		};
		8D1853CE2E8A754276E5084F /* [CP] Copy Pods Resources */ = {
			isa = PBXShellScriptBuildPhase;
			buildActionMask = 2147483647;
			files = (
			);
			inputPaths = (
			);
			name = "[CP] Copy Pods Resources";
			outputPaths = (
			);
			runOnlyForDeploymentPostprocessing = 0;
			shellPath = /bin/sh;
			shellScript = "\"${SRCROOT}/Pods/Target Support Files/Pods-LXDataManager/Pods-LXDataManager-resources.sh\"\n";
			showEnvVarsInLog = 0;
		};
		DBA22A5DE0BA21691F8CC4CC /* [CP] Check Pods Manifest.lock */ = {
			isa = PBXShellScriptBuildPhase;
			buildActionMask = 2147483647;
			files = (
			);
			inputPaths = (
			);
			name = "[CP] Check Pods Manifest.lock";
			outputPaths = (
			);
			runOnlyForDeploymentPostprocessing = 0;
			shellPath = /bin/sh;
			shellScript = "diff \"${PODS_ROOT}/../Podfile.lock\" \"${PODS_ROOT}/Manifest.lock\" > /dev/null\nif [[ $? != 0 ]] ; then\n    cat << EOM\nerror: The sandbox is not in sync with the Podfile.lock. Run 'pod install' or update your CocoaPods installation.\nEOM\n    exit 1\nfi\n";
			showEnvVarsInLog = 0;
		};
/* End PBXShellScriptBuildPhase section */

/* Begin PBXSourcesBuildPhase section */
		35963A2718ACB35600A58B82 /* Sources */ = {
			isa = PBXSourcesBuildPhase;
			buildActionMask = 2147483647;
			files = (
				35963A3F18ACB35600A58B82 /* AppDelegate.m in Sources */,
				35963A3B18ACB35600A58B82 /* main.m in Sources */,
				353176D11C9FCAD500B9FB6C /* NSJSONSerialization+RemoveNull.m in Sources */,
				35C1F6E318ADD221005CC16C /* LXDataManager.m in Sources */,
				35221C731C52181500087FE8 /* MainViewController.m in Sources */,
			);
			runOnlyForDeploymentPostprocessing = 0;
		};
		35963A4218ACB35600A58B82 /* Sources */ = {
			isa = PBXSourcesBuildPhase;
			buildActionMask = 2147483647;
			files = (
				35963A5418ACB35600A58B82 /* LXDataManagerTests.m in Sources */,
			);
			runOnlyForDeploymentPostprocessing = 0;
		};
/* End PBXSourcesBuildPhase section */

/* Begin PBXTargetDependency section */
		35963A4C18ACB35600A58B82 /* PBXTargetDependency */ = {
			isa = PBXTargetDependency;
			target = 35963A2A18ACB35600A58B82 /* LXDataManager */;
			targetProxy = 35963A4B18ACB35600A58B82 /* PBXContainerItemProxy */;
		};
/* End PBXTargetDependency section */

/* Begin PBXVariantGroup section */
		357E42F3195D060000E0772E /* LXDataManagerLocalizable.strings */ = {
			isa = PBXVariantGroup;
			children = (
				357E42F2195D060000E0772E /* zh-Hans */,
				357E42F4195D060400E0772E /* en */,
			);
			name = LXDataManagerLocalizable.strings;
			sourceTree = "<group>";
		};
		35963A3718ACB35600A58B82 /* InfoPlist.strings */ = {
			isa = PBXVariantGroup;
			children = (
				35963A3818ACB35600A58B82 /* en */,
				357E42EF195D04D700E0772E /* zh-Hans */,
			);
			name = InfoPlist.strings;
			sourceTree = "<group>";
		};
		35963A5018ACB35600A58B82 /* InfoPlist.strings */ = {
			isa = PBXVariantGroup;
			children = (
				35963A5118ACB35600A58B82 /* en */,
				357E42F0195D04D700E0772E /* zh-Hans */,
			);
			name = InfoPlist.strings;
			sourceTree = "<group>";
		};
/* End PBXVariantGroup section */

/* Begin XCBuildConfiguration section */
		35963A5518ACB35600A58B82 /* Debug */ = {
			isa = XCBuildConfiguration;
			buildSettings = {
				ALWAYS_SEARCH_USER_PATHS = NO;
				CLANG_CXX_LANGUAGE_STANDARD = "gnu++0x";
				CLANG_CXX_LIBRARY = "libc++";
				CLANG_ENABLE_MODULES = YES;
				CLANG_ENABLE_OBJC_ARC = YES;
				CLANG_WARN_BOOL_CONVERSION = YES;
				CLANG_WARN_CONSTANT_CONVERSION = YES;
				CLANG_WARN_DIRECT_OBJC_ISA_USAGE = YES_ERROR;
				CLANG_WARN_EMPTY_BODY = YES;
				CLANG_WARN_ENUM_CONVERSION = YES;
				CLANG_WARN_INT_CONVERSION = YES;
				CLANG_WARN_OBJC_ROOT_CLASS = YES_ERROR;
				CLANG_WARN__DUPLICATE_METHOD_MATCH = YES;
				"CODE_SIGN_IDENTITY[sdk=iphoneos*]" = "iPhone Developer";
				COPY_PHASE_STRIP = NO;
				GCC_C_LANGUAGE_STANDARD = gnu99;
				GCC_DYNAMIC_NO_PIC = NO;
				GCC_OPTIMIZATION_LEVEL = 0;
				GCC_PREPROCESSOR_DEFINITIONS = (
					"DEBUG=1",
					"$(inherited)",
				);
				GCC_SYMBOLS_PRIVATE_EXTERN = NO;
				GCC_WARN_64_TO_32_BIT_CONVERSION = YES;
				GCC_WARN_ABOUT_RETURN_TYPE = YES_ERROR;
				GCC_WARN_UNDECLARED_SELECTOR = YES;
				GCC_WARN_UNINITIALIZED_AUTOS = YES;
				GCC_WARN_UNUSED_FUNCTION = YES;
				GCC_WARN_UNUSED_VARIABLE = YES;
				IPHONEOS_DEPLOYMENT_TARGET = 5.0;
				ONLY_ACTIVE_ARCH = YES;
				SDKROOT = iphoneos;
				TARGETED_DEVICE_FAMILY = "1,2";
			};
			name = Debug;
		};
		35963A5618ACB35600A58B82 /* Release */ = {
			isa = XCBuildConfiguration;
			buildSettings = {
				ALWAYS_SEARCH_USER_PATHS = NO;
				CLANG_CXX_LANGUAGE_STANDARD = "gnu++0x";
				CLANG_CXX_LIBRARY = "libc++";
				CLANG_ENABLE_MODULES = YES;
				CLANG_ENABLE_OBJC_ARC = YES;
				CLANG_WARN_BOOL_CONVERSION = YES;
				CLANG_WARN_CONSTANT_CONVERSION = YES;
				CLANG_WARN_DIRECT_OBJC_ISA_USAGE = YES_ERROR;
				CLANG_WARN_EMPTY_BODY = YES;
				CLANG_WARN_ENUM_CONVERSION = YES;
				CLANG_WARN_INT_CONVERSION = YES;
				CLANG_WARN_OBJC_ROOT_CLASS = YES_ERROR;
				CLANG_WARN__DUPLICATE_METHOD_MATCH = YES;
				"CODE_SIGN_IDENTITY[sdk=iphoneos*]" = "iPhone Developer";
				COPY_PHASE_STRIP = YES;
				ENABLE_NS_ASSERTIONS = NO;
				GCC_C_LANGUAGE_STANDARD = gnu99;
				GCC_WARN_64_TO_32_BIT_CONVERSION = YES;
				GCC_WARN_ABOUT_RETURN_TYPE = YES_ERROR;
				GCC_WARN_UNDECLARED_SELECTOR = YES;
				GCC_WARN_UNINITIALIZED_AUTOS = YES;
				GCC_WARN_UNUSED_FUNCTION = YES;
				GCC_WARN_UNUSED_VARIABLE = YES;
				IPHONEOS_DEPLOYMENT_TARGET = 5.0;
				SDKROOT = iphoneos;
				TARGETED_DEVICE_FAMILY = "1,2";
				VALIDATE_PRODUCT = YES;
			};
			name = Release;
		};
		35963A5818ACB35600A58B82 /* Debug */ = {
			isa = XCBuildConfiguration;
			baseConfigurationReference = 81FA3C1C52F2EBB42C31696F /* Pods-LXDataManager.debug.xcconfig */;
			buildSettings = {
				ASSETCATALOG_COMPILER_APPICON_NAME = AppIcon;
				ASSETCATALOG_COMPILER_LAUNCHIMAGE_NAME = LaunchImage;
				GCC_PRECOMPILE_PREFIX_HEADER = YES;
				GCC_PREFIX_HEADER = "LXDataManager/LXDataManager-Prefix.pch";
				INFOPLIST_FILE = "LXDataManager/LXDataManager-Info.plist";
				IPHONEOS_DEPLOYMENT_TARGET = 8.0;
				PRODUCT_NAME = "$(TARGET_NAME)";
				WRAPPER_EXTENSION = app;
			};
			name = Debug;
		};
		35963A5918ACB35600A58B82 /* Release */ = {
			isa = XCBuildConfiguration;
			baseConfigurationReference = 86F390D8E7764A897A99326E /* Pods-LXDataManager.release.xcconfig */;
			buildSettings = {
				ASSETCATALOG_COMPILER_APPICON_NAME = AppIcon;
				ASSETCATALOG_COMPILER_LAUNCHIMAGE_NAME = LaunchImage;
				GCC_PRECOMPILE_PREFIX_HEADER = YES;
				GCC_PREFIX_HEADER = "LXDataManager/LXDataManager-Prefix.pch";
				INFOPLIST_FILE = "LXDataManager/LXDataManager-Info.plist";
				IPHONEOS_DEPLOYMENT_TARGET = 8.0;
				PRODUCT_NAME = "$(TARGET_NAME)";
				WRAPPER_EXTENSION = app;
			};
			name = Release;
		};
		35963A5B18ACB35600A58B82 /* Debug */ = {
			isa = XCBuildConfiguration;
			buildSettings = {
				BUNDLE_LOADER = "$(BUILT_PRODUCTS_DIR)/LXDataManager.app/LXDataManager";
				FRAMEWORK_SEARCH_PATHS = (
					"$(SDKROOT)/Developer/Library/Frameworks",
					"$(inherited)",
					"$(DEVELOPER_FRAMEWORKS_DIR)",
				);
				GCC_PRECOMPILE_PREFIX_HEADER = YES;
				GCC_PREFIX_HEADER = "LXDataManager/LXDataManager-Prefix.pch";
				GCC_PREPROCESSOR_DEFINITIONS = (
					"DEBUG=1",
					"$(inherited)",
				);
				INFOPLIST_FILE = "LXDataManagerTests/LXDataManagerTests-Info.plist";
				PRODUCT_NAME = "$(TARGET_NAME)";
				TEST_HOST = "$(BUNDLE_LOADER)";
				WRAPPER_EXTENSION = xctest;
			};
			name = Debug;
		};
		35963A5C18ACB35600A58B82 /* Release */ = {
			isa = XCBuildConfiguration;
			buildSettings = {
				BUNDLE_LOADER = "$(BUILT_PRODUCTS_DIR)/LXDataManager.app/LXDataManager";
				FRAMEWORK_SEARCH_PATHS = (
					"$(SDKROOT)/Developer/Library/Frameworks",
					"$(inherited)",
					"$(DEVELOPER_FRAMEWORKS_DIR)",
				);
				GCC_PRECOMPILE_PREFIX_HEADER = YES;
				GCC_PREFIX_HEADER = "LXDataManager/LXDataManager-Prefix.pch";
				INFOPLIST_FILE = "LXDataManagerTests/LXDataManagerTests-Info.plist";
				PRODUCT_NAME = "$(TARGET_NAME)";
				TEST_HOST = "$(BUNDLE_LOADER)";
				WRAPPER_EXTENSION = xctest;
			};
			name = Release;
		};
/* End XCBuildConfiguration section */

/* Begin XCConfigurationList section */
		35963A2618ACB35600A58B82 /* Build configuration list for PBXProject "LXDataManager" */ = {
			isa = XCConfigurationList;
			buildConfigurations = (
				35963A5518ACB35600A58B82 /* Debug */,
				35963A5618ACB35600A58B82 /* Release */,
			);
			defaultConfigurationIsVisible = 0;
			defaultConfigurationName = Release;
		};
		35963A5718ACB35600A58B82 /* Build configuration list for PBXNativeTarget "LXDataManager" */ = {
			isa = XCConfigurationList;
			buildConfigurations = (
				35963A5818ACB35600A58B82 /* Debug */,
				35963A5918ACB35600A58B82 /* Release */,
			);
			defaultConfigurationIsVisible = 0;
			defaultConfigurationName = Release;
		};
		35963A5A18ACB35600A58B82 /* Build configuration list for PBXNativeTarget "LXDataManagerTests" */ = {
			isa = XCConfigurationList;
			buildConfigurations = (
				35963A5B18ACB35600A58B82 /* Debug */,
				35963A5C18ACB35600A58B82 /* Release */,
			);
			defaultConfigurationIsVisible = 0;
			defaultConfigurationName = Release;
		};
/* End XCConfigurationList section */
	};
	rootObject = 35963A2318ACB35600A58B82 /* Project object */;
}
